
Microsoft Visual Studio Solution File, Format Version 12.00
# Visual Studio Version 17
VisualStudioVersion = 17.4.33020.496
MinimumVisualStudioVersion = 10.0.40219.1
Project("{9A19103F-16F7-4668-BE54-9A1E7A4F7556}") = "Xenial.BTool", "Xenial.BTool\Xenial.BTool.csproj", "{B8A77C11-DE01-4CF0-8EAD-6818EDA46742}"
EndProject
Project("{9A19103F-16F7-4668-BE54-9A1E7A4F7556}") = "Xenial.BTool.Tests", "Xenial.BTool.Tests\Xenial.BTool.Tests.csproj", "{031877A2-4388-4483-8D4E-2CE7BAE83BEE}"
EndProject
Project("{9A19103F-16F7-4668-BE54-9A1E7A4F7556}") = "build", "build\build.csproj", "{C66D229F-2957-4D70-9E13-3F6D6E23FF41}"
EndProject
Project("{2150E333-8FDC-42A3-9474-1A3956D46DE8}") = "Solution Items", "Solution Items", "{82C7A005-EC49-4016-B5C6-537F4801D3C0}"
	ProjectSection(SolutionItems) = preProject
		.editorconfig = .editorconfig
		.gitignore = .gitignore
		b.bat = b.bat
		build.bat = build.bat
		build.ps1 = build.ps1
		build.sh = build.sh
		Directory.Build.props = Directory.Build.props
		README.md = README.md
	EndProjectSection
EndProject
Global
	GlobalSection(SolutionConfigurationPlatforms) = preSolution
		Debug|Any CPU = Debug|Any CPU
		Release|Any CPU = Release|Any CPU
	EndGlobalSection
	GlobalSection(ProjectConfigurationPlatforms) = postSolution
		{B8A77C11-DE01-4CF0-8EAD-6818EDA46742}.Debug|Any CPU.ActiveCfg = Debug|Any CPU
		{B8A77C11-DE01-4CF0-8EAD-6818EDA46742}.Debug|Any CPU.Build.0 = Debug|Any CPU
		{B8A77C11-DE01-4CF0-8EAD-6818EDA46742}.Release|Any CPU.ActiveCfg = Release|Any CPU
		{B8A77C11-DE01-4CF0-8EAD-6818EDA46742}.Release|Any CPU.Build.0 = Release|Any CPU
		{031877A2-4388-4483-8D4E-2CE7BAE83BEE}.Debug|Any CPU.ActiveCfg = Debug|Any CPU
		{031877A2-4388-4483-8D4E-2CE7BAE83BEE}.Debug|Any CPU.Build.0 = Debug|Any CPU
		{031877A2-4388-4483-8D4E-2CE7BAE83BEE}.Release|Any CPU.ActiveCfg = Release|Any CPU
		{031877A2-4388-4483-8D4E-2CE7BAE83BEE}.Release|Any CPU.Build.0 = Release|Any CPU
		{C66D229F-2957-4D70-9E13-3F6D6E23FF41}.Debug|Any CPU.ActiveCfg = Debug|Any CPU
		{C66D229F-2957-4D70-9E13-3F6D6E23FF41}.Debug|Any CPU.Build.0 = Debug|Any CPU
		{C66D229F-2957-4D70-9E13-3F6D6E23FF41}.Release|Any CPU.ActiveCfg = Release|Any CPU
		{C66D229F-2957-4D70-9E13-3F6D6E23FF41}.Release|Any CPU.Build.0 = Release|Any CPU
	EndGlobalSection
	GlobalSection(SolutionProperties) = preSolution
		HideSolutionNode = FALSE
	EndGlobalSection
	GlobalSection(ExtensibilityGlobals) = postSolution
		SolutionGuid = {1FA249DE-47AE-444A-9EC2-AFE4094B4ACC}
	EndGlobalSection
EndGlobal
